
Microsoft Visual Studio Solution File, Format Version 12.00
# Visual Studio 15
VisualStudioVersion = 15.0.27130.2026
MinimumVisualStudioVersion = 10.0.40219.1
Project("{FAE04EC0-301F-11D3-BF4B-00C04F79EFBC}") = "TestRunner", "TestRunner\TestRunner.csproj", "{6498934F-D9F6-4F69-BD1C-F2B5BC9E8C01}"
EndProject
Project("{FAE04EC0-301F-11D3-BF4B-00C04F79EFBC}") = "TestRunner.UnitTests", "TestRunner.UnitTests\TestRunner.UnitTests.csproj", "{9D5B98B3-DCAC-4F15-98DA-370FB1DDAE53}"
EndProject
Global
	GlobalSection(SolutionConfigurationPlatforms) = preSolution
		Debug|Any CPU = Debug|Any CPU
		Release|Any CPU = Release|Any CPU
	EndGlobalSection
	GlobalSection(ProjectConfigurationPlatforms) = postSolution
		{6498934F-D9F6-4F69-BD1C-F2B5BC9E8C01}.Debug|Any CPU.ActiveCfg = Debug|Any CPU
		{6498934F-D9F6-4F69-BD1C-F2B5BC9E8C01}.Debug|Any CPU.Build.0 = Debug|Any CPU
		{6498934F-D9F6-4F69-BD1C-F2B5BC9E8C01}.Release|Any CPU.ActiveCfg = Release|Any CPU
		{6498934F-D9F6-4F69-BD1C-F2B5BC9E8C01}.Release|Any CPU.Build.0 = Release|Any CPU
		{9D5B98B3-DCAC-4F15-98DA-370FB1DDAE53}.Debug|Any CPU.ActiveCfg = Debug|Any CPU
		{9D5B98B3-DCAC-4F15-98DA-370FB1DDAE53}.Debug|Any CPU.Build.0 = Debug|Any CPU
		{9D5B98B3-DCAC-4F15-98DA-370FB1DDAE53}.Release|Any CPU.ActiveCfg = Release|Any CPU
		{9D5B98B3-DCAC-4F15-98DA-370FB1DDAE53}.Release|Any CPU.Build.0 = Release|Any CPU
	EndGlobalSection
	GlobalSection(SolutionProperties) = preSolution
		HideSolutionNode = FALSE
	EndGlobalSection
	GlobalSection(ExtensibilityGlobals) = postSolution
		SolutionGuid = {4D305EE0-D3F3-49E7-94EE-998758C9EC28}
	EndGlobalSection
EndGlobal
